
Microsoft Visual Studio Solution File, Format Version 12.00
# Visual Studio Version 17
VisualStudioVersion = 17.8.34330.188
MinimumVisualStudioVersion = 10.0.40219.1
Project("{9A19103F-16F7-4668-BE54-9A1E7A4F7556}") = "kebormed.grpcservice", "kebormed.grpcservice.csproj", "{6B7A3C42-B1F8-49F6-9670-33F9F9AA6117}"
EndProject
Global
	GlobalSection(SolutionConfigurationPlatforms) = preSolution
		Debug|Any CPU = Debug|Any CPU
		Release|Any CPU = Release|Any CPU
	EndGlobalSection
	GlobalSection(ProjectConfigurationPlatforms) = postSolution
		{6B7A3C42-B1F8-49F6-9670-33F9F9AA6117}.Debug|Any CPU.ActiveCfg = Debug|Any CPU
		{6B7A3C42-B1F8-49F6-9670-33F9F9AA6117}.Debug|Any CPU.Build.0 = Debug|Any CPU
		{6B7A3C42-B1F8-49F6-9670-33F9F9AA6117}.Release|Any CPU.ActiveCfg = Release|Any CPU
		{6B7A3C42-B1F8-49F6-9670-33F9F9AA6117}.Release|Any CPU.Build.0 = Release|Any CPU
	EndGlobalSection
	GlobalSection(SolutionProperties) = preSolution
		HideSolutionNode = FALSE
	EndGlobalSection
	GlobalSection(ExtensibilityGlobals) = postSolution
		SolutionGuid = {84B151B9-3487-45A6-865F-39B740F24AF5}
	EndGlobalSection
EndGlobal
